
Microsoft Visual Studio Solution File, Format Version 12.00
# Visual Studio Version 17
VisualStudioVersion = 17.1.32328.378
MinimumVisualStudioVersion = 10.0.40219.1
Project("{2150E333-8FDC-42A3-9474-1A3956D46DE8}") = "App", "App", "{DA292B7E-CA15-4C51-B8F3-BDA9C37EC730}"
	ProjectSection(SolutionItems) = preProject
		env.api = env.api
		env.identity = env.identity
	EndProjectSection
EndProject
Project("{2150E333-8FDC-42A3-9474-1A3956D46DE8}") = "Shared", "Shared", "{62F3A612-189B-4FD9-BF16-DE1E9DBB074C}"
EndProject
Project("{2150E333-8FDC-42A3-9474-1A3956D46DE8}") = "System", "System", "{0A560B9A-C241-450A-ADD5-306E66B631DE}"
EndProject
Project("{2150E333-8FDC-42A3-9474-1A3956D46DE8}") = "Services", "Services", "{0D00D449-8EAF-4593-A3E9-10D6A44E3EAC}"
EndProject
Project("{2150E333-8FDC-42A3-9474-1A3956D46DE8}") = "Data", "Data", "{DCBF5C96-8C8E-4AFB-83CF-D15BEFCB6478}"
EndProject
Project("{2150E333-8FDC-42A3-9474-1A3956D46DE8}") = "Api", "Api", "{ADC038F7-D44A-4B31-8691-851A2BD67A06}"
EndProject
Project("{2150E333-8FDC-42A3-9474-1A3956D46DE8}") = "Identity", "Identity", "{062ABA63-C4C6-4262-B1C3-1DBC86127FBD}"
EndProject
Project("{9A19103F-16F7-4668-BE54-9A1E7A4F7556}") = "DSRFlowerShop.Api", "System\Api\DSRFlowerShop.Api\DSRFlowerShop.Api.csproj", "{F5FE4EF3-CDF3-4E51-91ED-94971AFD085D}"
EndProject
Project("{9A19103F-16F7-4668-BE54-9A1E7A4F7556}") = "DSRFlowerShop.Identity", "System\Identity\DSRFlowerShop.Identity\DSRFlowerShop.Identity.csproj", "{4FA0E2B0-0CFE-4F36-8D5E-2C89495E7DD8}"
EndProject
Project("{2150E333-8FDC-42A3-9474-1A3956D46DE8}") = "Web", "Web", "{83D775D1-DBBD-4413-98F0-31CB1FEC8841}"
EndProject
Project("{9A19103F-16F7-4668-BE54-9A1E7A4F7556}") = "DSRFlowerShop.Web", "System\Web\DSRFlowerShop.Web\DSRFlowerShop.Web.csproj", "{E76CE20D-176D-41C3-B64D-4D598D185A0D}"
EndProject
Project("{9A19103F-16F7-4668-BE54-9A1E7A4F7556}") = "DSRFlowerShop.Common", "Shared\DSRFlowerShop.Common\DSRFlowerShop.Common.csproj", "{38459B24-BDD8-447F-AC6C-47D0F56F0CCC}"
EndProject
Project("{9A19103F-16F7-4668-BE54-9A1E7A4F7556}") = "DSRFlowerShop.DealerService", "Services\DSRFlowerShop.DealerService\DSRFlowerShop.DealerService.csproj", "{3A44C384-6501-4FA8-B5D5-D0445291833B}"
EndProject
Project("{9A19103F-16F7-4668-BE54-9A1E7A4F7556}") = "DSRFlowerShop.FlowerService", "Services\DSRFlowerShop.FlowerService\DSRFlowerShop.FlowerService.csproj", "{CF8A162B-4A4D-43F1-8AF9-8F892C4562DF}"
EndProject
Project("{9A19103F-16F7-4668-BE54-9A1E7A4F7556}") = "DSRFlowerShop.BouquetService", "Services\DSRFlowerShop.BouquetService\DSRFlowerShop.BouquetService.csproj", "{9EA6E0A9-7EB3-43E6-998E-E63CA4672615}"
EndProject
Project("{9A19103F-16F7-4668-BE54-9A1E7A4F7556}") = "DSRFlowerShop.FlowerListService", "Services\DSRFlowerShop.FlowerListService\DSRFlowerShop.FlowerListService.csproj", "{4AB75FD0-081C-4A5B-BE78-BCC414A2DF22}"
EndProject
Project("{9A19103F-16F7-4668-BE54-9A1E7A4F7556}") = "DSRFlowerShop.Db.Entities", "Data\DSRFlowerShop.Db.Entities\DSRFlowerShop.Db.Entities.csproj", "{3B828730-4296-4F9F-96FD-ED33C92DDAE4}"
EndProject
Project("{9A19103F-16F7-4668-BE54-9A1E7A4F7556}") = "DSRFlowerShop.Db.Context", "Data\DSRFlowerShop.Db.Context\DSRFlowerShop.Db.Context.csproj", "{B4448BE3-95FD-4709-ACA5-9FFD9B9162E3}"
EndProject
Project("{9A19103F-16F7-4668-BE54-9A1E7A4F7556}") = "DSRFlowerShop.Logger", "Services\DSRFlowerShop.Logger\DSRFlowerShop.Logger.csproj", "{7C79B34E-F006-4104-B800-237C33961721}"
EndProject
Project("{9A19103F-16F7-4668-BE54-9A1E7A4F7556}") = "DSRFlowerShop.Settings", "Services\DSRFlowerShop.Settings\DSRFlowerShop.Settings.csproj", "{8967E71D-5185-42D4-B462-6B2F25E6D595}"
EndProject
Project("{2150E333-8FDC-42A3-9474-1A3956D46DE8}") = "Tests", "Tests", "{074B2A4A-4445-4629-A001-08DF1A16795B}"
EndProject
Project("{9A19103F-16F7-4668-BE54-9A1E7A4F7556}") = "DSRFlowerShop.Tests", "Tests\DSRFlowerShop.Tests\DSRFlowerShop.Tests.csproj", "{0BD521E9-CC63-410B-A5DE-4621054E6C3B}"
EndProject
Project("{E53339B2-1760-4266-BCC7-CA923CBCF16C}") = "docker-compose", "docker-compose.dcproj", "{4273A12A-8F3E-4328-82F5-4A3A81F20F50}"
EndProject
Global
	GlobalSection(SolutionConfigurationPlatforms) = preSolution
		Debug|Any CPU = Debug|Any CPU
		Release|Any CPU = Release|Any CPU
	EndGlobalSection
	GlobalSection(ProjectConfigurationPlatforms) = postSolution
		{F5FE4EF3-CDF3-4E51-91ED-94971AFD085D}.Debug|Any CPU.ActiveCfg = Debug|Any CPU
		{F5FE4EF3-CDF3-4E51-91ED-94971AFD085D}.Debug|Any CPU.Build.0 = Debug|Any CPU
		{F5FE4EF3-CDF3-4E51-91ED-94971AFD085D}.Release|Any CPU.ActiveCfg = Release|Any CPU
		{F5FE4EF3-CDF3-4E51-91ED-94971AFD085D}.Release|Any CPU.Build.0 = Release|Any CPU
		{4FA0E2B0-0CFE-4F36-8D5E-2C89495E7DD8}.Debug|Any CPU.ActiveCfg = Debug|Any CPU
		{4FA0E2B0-0CFE-4F36-8D5E-2C89495E7DD8}.Debug|Any CPU.Build.0 = Debug|Any CPU
		{4FA0E2B0-0CFE-4F36-8D5E-2C89495E7DD8}.Release|Any CPU.ActiveCfg = Release|Any CPU
		{4FA0E2B0-0CFE-4F36-8D5E-2C89495E7DD8}.Release|Any CPU.Build.0 = Release|Any CPU
		{E76CE20D-176D-41C3-B64D-4D598D185A0D}.Debug|Any CPU.ActiveCfg = Debug|Any CPU
		{E76CE20D-176D-41C3-B64D-4D598D185A0D}.Debug|Any CPU.Build.0 = Debug|Any CPU
		{E76CE20D-176D-41C3-B64D-4D598D185A0D}.Release|Any CPU.ActiveCfg = Release|Any CPU
		{E76CE20D-176D-41C3-B64D-4D598D185A0D}.Release|Any CPU.Build.0 = Release|Any CPU
		{38459B24-BDD8-447F-AC6C-47D0F56F0CCC}.Debug|Any CPU.ActiveCfg = Debug|Any CPU
		{38459B24-BDD8-447F-AC6C-47D0F56F0CCC}.Debug|Any CPU.Build.0 = Debug|Any CPU
		{38459B24-BDD8-447F-AC6C-47D0F56F0CCC}.Release|Any CPU.ActiveCfg = Release|Any CPU
		{38459B24-BDD8-447F-AC6C-47D0F56F0CCC}.Release|Any CPU.Build.0 = Release|Any CPU
		{3A44C384-6501-4FA8-B5D5-D0445291833B}.Debug|Any CPU.ActiveCfg = Debug|Any CPU
		{3A44C384-6501-4FA8-B5D5-D0445291833B}.Debug|Any CPU.Build.0 = Debug|Any CPU
		{3A44C384-6501-4FA8-B5D5-D0445291833B}.Release|Any CPU.ActiveCfg = Release|Any CPU
		{3A44C384-6501-4FA8-B5D5-D0445291833B}.Release|Any CPU.Build.0 = Release|Any CPU
		{CF8A162B-4A4D-43F1-8AF9-8F892C4562DF}.Debug|Any CPU.ActiveCfg = Debug|Any CPU
		{CF8A162B-4A4D-43F1-8AF9-8F892C4562DF}.Debug|Any CPU.Build.0 = Debug|Any CPU
		{CF8A162B-4A4D-43F1-8AF9-8F892C4562DF}.Release|Any CPU.ActiveCfg = Release|Any CPU
		{CF8A162B-4A4D-43F1-8AF9-8F892C4562DF}.Release|Any CPU.Build.0 = Release|Any CPU
		{9EA6E0A9-7EB3-43E6-998E-E63CA4672615}.Debug|Any CPU.ActiveCfg = Debug|Any CPU
		{9EA6E0A9-7EB3-43E6-998E-E63CA4672615}.Debug|Any CPU.Build.0 = Debug|Any CPU
		{9EA6E0A9-7EB3-43E6-998E-E63CA4672615}.Release|Any CPU.ActiveCfg = Release|Any CPU
		{9EA6E0A9-7EB3-43E6-998E-E63CA4672615}.Release|Any CPU.Build.0 = Release|Any CPU
		{4AB75FD0-081C-4A5B-BE78-BCC414A2DF22}.Debug|Any CPU.ActiveCfg = Debug|Any CPU
		{4AB75FD0-081C-4A5B-BE78-BCC414A2DF22}.Debug|Any CPU.Build.0 = Debug|Any CPU
		{4AB75FD0-081C-4A5B-BE78-BCC414A2DF22}.Release|Any CPU.ActiveCfg = Release|Any CPU
		{4AB75FD0-081C-4A5B-BE78-BCC414A2DF22}.Release|Any CPU.Build.0 = Release|Any CPU
		{3B828730-4296-4F9F-96FD-ED33C92DDAE4}.Debug|Any CPU.ActiveCfg = Debug|Any CPU
		{3B828730-4296-4F9F-96FD-ED33C92DDAE4}.Debug|Any CPU.Build.0 = Debug|Any CPU
		{3B828730-4296-4F9F-96FD-ED33C92DDAE4}.Release|Any CPU.ActiveCfg = Release|Any CPU
		{3B828730-4296-4F9F-96FD-ED33C92DDAE4}.Release|Any CPU.Build.0 = Release|Any CPU
		{B4448BE3-95FD-4709-ACA5-9FFD9B9162E3}.Debug|Any CPU.ActiveCfg = Debug|Any CPU
		{B4448BE3-95FD-4709-ACA5-9FFD9B9162E3}.Debug|Any CPU.Build.0 = Debug|Any CPU
		{B4448BE3-95FD-4709-ACA5-9FFD9B9162E3}.Release|Any CPU.ActiveCfg = Release|Any CPU
		{B4448BE3-95FD-4709-ACA5-9FFD9B9162E3}.Release|Any CPU.Build.0 = Release|Any CPU
		{7C79B34E-F006-4104-B800-237C33961721}.Debug|Any CPU.ActiveCfg = Debug|Any CPU
		{7C79B34E-F006-4104-B800-237C33961721}.Debug|Any CPU.Build.0 = Debug|Any CPU
		{7C79B34E-F006-4104-B800-237C33961721}.Release|Any CPU.ActiveCfg = Release|Any CPU
		{7C79B34E-F006-4104-B800-237C33961721}.Release|Any CPU.Build.0 = Release|Any CPU
		{8967E71D-5185-42D4-B462-6B2F25E6D595}.Debug|Any CPU.ActiveCfg = Debug|Any CPU
		{8967E71D-5185-42D4-B462-6B2F25E6D595}.Debug|Any CPU.Build.0 = Debug|Any CPU
		{8967E71D-5185-42D4-B462-6B2F25E6D595}.Release|Any CPU.ActiveCfg = Release|Any CPU
		{8967E71D-5185-42D4-B462-6B2F25E6D595}.Release|Any CPU.Build.0 = Release|Any CPU
		{0BD521E9-CC63-410B-A5DE-4621054E6C3B}.Debug|Any CPU.ActiveCfg = Debug|Any CPU
		{0BD521E9-CC63-410B-A5DE-4621054E6C3B}.Debug|Any CPU.Build.0 = Debug|Any CPU
		{0BD521E9-CC63-410B-A5DE-4621054E6C3B}.Release|Any CPU.ActiveCfg = Release|Any CPU
		{0BD521E9-CC63-410B-A5DE-4621054E6C3B}.Release|Any CPU.Build.0 = Release|Any CPU
		{4273A12A-8F3E-4328-82F5-4A3A81F20F50}.Debug|Any CPU.ActiveCfg = Debug|Any CPU
		{4273A12A-8F3E-4328-82F5-4A3A81F20F50}.Debug|Any CPU.Build.0 = Debug|Any CPU
		{4273A12A-8F3E-4328-82F5-4A3A81F20F50}.Release|Any CPU.ActiveCfg = Release|Any CPU
		{4273A12A-8F3E-4328-82F5-4A3A81F20F50}.Release|Any CPU.Build.0 = Release|Any CPU
	EndGlobalSection
	GlobalSection(SolutionProperties) = preSolution
		HideSolutionNode = FALSE
	EndGlobalSection
	GlobalSection(NestedProjects) = preSolution
		{ADC038F7-D44A-4B31-8691-851A2BD67A06} = {0A560B9A-C241-450A-ADD5-306E66B631DE}
		{062ABA63-C4C6-4262-B1C3-1DBC86127FBD} = {0A560B9A-C241-450A-ADD5-306E66B631DE}
		{F5FE4EF3-CDF3-4E51-91ED-94971AFD085D} = {ADC038F7-D44A-4B31-8691-851A2BD67A06}
		{4FA0E2B0-0CFE-4F36-8D5E-2C89495E7DD8} = {062ABA63-C4C6-4262-B1C3-1DBC86127FBD}
		{83D775D1-DBBD-4413-98F0-31CB1FEC8841} = {0A560B9A-C241-450A-ADD5-306E66B631DE}
		{E76CE20D-176D-41C3-B64D-4D598D185A0D} = {83D775D1-DBBD-4413-98F0-31CB1FEC8841}
		{38459B24-BDD8-447F-AC6C-47D0F56F0CCC} = {62F3A612-189B-4FD9-BF16-DE1E9DBB074C}
		{3A44C384-6501-4FA8-B5D5-D0445291833B} = {0D00D449-8EAF-4593-A3E9-10D6A44E3EAC}
		{CF8A162B-4A4D-43F1-8AF9-8F892C4562DF} = {0D00D449-8EAF-4593-A3E9-10D6A44E3EAC}
		{9EA6E0A9-7EB3-43E6-998E-E63CA4672615} = {0D00D449-8EAF-4593-A3E9-10D6A44E3EAC}
		{4AB75FD0-081C-4A5B-BE78-BCC414A2DF22} = {0D00D449-8EAF-4593-A3E9-10D6A44E3EAC}
		{3B828730-4296-4F9F-96FD-ED33C92DDAE4} = {DCBF5C96-8C8E-4AFB-83CF-D15BEFCB6478}
		{B4448BE3-95FD-4709-ACA5-9FFD9B9162E3} = {DCBF5C96-8C8E-4AFB-83CF-D15BEFCB6478}
		{7C79B34E-F006-4104-B800-237C33961721} = {0D00D449-8EAF-4593-A3E9-10D6A44E3EAC}
		{8967E71D-5185-42D4-B462-6B2F25E6D595} = {0D00D449-8EAF-4593-A3E9-10D6A44E3EAC}
		{0BD521E9-CC63-410B-A5DE-4621054E6C3B} = {074B2A4A-4445-4629-A001-08DF1A16795B}
		{4273A12A-8F3E-4328-82F5-4A3A81F20F50} = {DA292B7E-CA15-4C51-B8F3-BDA9C37EC730}
	EndGlobalSection
	GlobalSection(ExtensibilityGlobals) = postSolution
		SolutionGuid = {239DF919-84EB-40D1-8DAB-C52E2592BD75}
	EndGlobalSection
EndGlobal
