
Microsoft Visual Studio Solution File, Format Version 12.00
# Visual Studio Version 17
VisualStudioVersion = 17.1.32328.378
MinimumVisualStudioVersion = 10.0.40219.1
Project("{2150E333-8FDC-42A3-9474-1A3956D46DE8}") = "Data", "Data", "{CB54C624-645D-4CFB-A3DE-27F232430CFA}"
EndProject
Project("{2150E333-8FDC-42A3-9474-1A3956D46DE8}") = "Services", "Services", "{F60152A5-C8E4-4769-9432-0FA142B0B8FC}"
EndProject
Project("{2150E333-8FDC-42A3-9474-1A3956D46DE8}") = "System", "System", "{7938DED0-9DFF-4674-8CE6-240A7429753A}"
EndProject
Project("{2150E333-8FDC-42A3-9474-1A3956D46DE8}") = "Shared", "Shared", "{315D1853-E8C6-4EDE-9050-09FE6849CF02}"
EndProject
Project("{2150E333-8FDC-42A3-9474-1A3956D46DE8}") = "Tests", "Tests", "{D748AB1C-456C-4564-B009-CB8C55F8F142}"
EndProject
Project("{2150E333-8FDC-42A3-9474-1A3956D46DE8}") = "Api", "Api", "{C4693778-64E8-4016-BEB9-0CDBC43C0E19}"
EndProject
Project("{2150E333-8FDC-42A3-9474-1A3956D46DE8}") = "Identity", "Identity", "{4564F5DD-D946-444A-8535-EBEE040BF0F0}"
EndProject
Project("{2150E333-8FDC-42A3-9474-1A3956D46DE8}") = "Web", "Web", "{33B6D78B-4B3A-4CCB-A671-6A02FB02E58C}"
EndProject
Project("{2150E333-8FDC-42A3-9474-1A3956D46DE8}") = "App", "App", "{60BC67B2-C885-4F83-8194-D9EFDC6787D4}"
	ProjectSection(SolutionItems) = preProject
		env.api = env.api
		env.identity = env.identity
		readme.md = readme.md
	EndProjectSection
EndProject
Project("{2150E333-8FDC-42A3-9474-1A3956D46DE8}") = "Docker", "Docker", "{CE79762C-B6C2-41A6-956D-AC5AC07A3F81}"
EndProject
Project("{9A19103F-16F7-4668-BE54-9A1E7A4F7556}") = "DSRFlowerShop.Db.Context", "Data\DSRFlowerShop.Db.Context\DSRFlowerShop.Db.Context.csproj", "{13FA5B55-4FA4-4DBC-8370-AF21DC3B2575}"
EndProject
Project("{9A19103F-16F7-4668-BE54-9A1E7A4F7556}") = "DSRFlowerShop.Db.Entities", "Data\DSRFlowerShop.Db.Entities\DSRFlowerShop.Db.Entities.csproj", "{E354D7B8-8B42-46AA-86EB-BB7EAB034075}"
EndProject
Project("{9A19103F-16F7-4668-BE54-9A1E7A4F7556}") = "DSRFlowerShop.Common", "Shared\DSRFlowerShop.Common\DSRFlowerShop.Common.csproj", "{F00C1264-7FDB-458E-9868-B85E6090E100}"
EndProject
Project("{9A19103F-16F7-4668-BE54-9A1E7A4F7556}") = "DSRFlowerShop.Logger", "Services\DSRFlowerShop.Logger\DSRFlowerShop.Logger.csproj", "{524EF862-3021-4641-93DE-6C2E0D0323A6}"
EndProject
Project("{9A19103F-16F7-4668-BE54-9A1E7A4F7556}") = "DSRFlowerShop.Settings", "Services\DSRFlowerShop.Settings\DSRFlowerShop.Settings.csproj", "{F466F6A7-EA03-4E5F-BCF7-2D90F1B8497D}"
EndProject
Project("{9A19103F-16F7-4668-BE54-9A1E7A4F7556}") = "DSRFlowerShop.FlowerService", "Services\DSRFlowerShop.FlowersService\DSRFlowerShop.FlowerService.csproj", "{C64D994A-D65B-4F9D-861D-0B14CD29C31C}"
EndProject
Project("{9A19103F-16F7-4668-BE54-9A1E7A4F7556}") = "DSRFlowerShop.Identity", "System\Identity\DSRFlowerShop.Identity\DSRFlowerShop.Identity.csproj", "{0EF2FA91-32CD-4739-96F5-9DBAC906236D}"
EndProject
Project("{9A19103F-16F7-4668-BE54-9A1E7A4F7556}") = "DSRFlowerShop.API", "System\Api\DSRFlowerShop.API\DSRFlowerShop.API.csproj", "{EFDBB704-2690-4162-BBE1-3C17C8CC1E3F}"
EndProject
Project("{9A19103F-16F7-4668-BE54-9A1E7A4F7556}") = "DSRFlowerShop.DealersService", "Services\DSRFlowerShop.DealersService\DSRFlowerShop.DealersService.csproj", "{B5775D13-4BCA-44EC-859D-60DD4D2D2923}"
EndProject
Project("{9A19103F-16F7-4668-BE54-9A1E7A4F7556}") = "DSRFlowerShop.BouquetsService", "Services\DSRFlowerShop.BouquetsService\DSRFlowerShop.BouquetsService.csproj", "{C85449BB-12D8-41FB-96F2-39DAA4CD4CB4}"
EndProject
Project("{E53339B2-1760-4266-BCC7-CA923CBCF16C}") = "docker-compose", "docker-compose.dcproj", "{A88A9615-5DE0-495D-A653-6DE392553BD7}"
EndProject
Global
	GlobalSection(SolutionConfigurationPlatforms) = preSolution
		Debug|Any CPU = Debug|Any CPU
		Release|Any CPU = Release|Any CPU
	EndGlobalSection
	GlobalSection(ProjectConfigurationPlatforms) = postSolution
		{13FA5B55-4FA4-4DBC-8370-AF21DC3B2575}.Debug|Any CPU.ActiveCfg = Debug|Any CPU
		{13FA5B55-4FA4-4DBC-8370-AF21DC3B2575}.Debug|Any CPU.Build.0 = Debug|Any CPU
		{13FA5B55-4FA4-4DBC-8370-AF21DC3B2575}.Release|Any CPU.ActiveCfg = Release|Any CPU
		{13FA5B55-4FA4-4DBC-8370-AF21DC3B2575}.Release|Any CPU.Build.0 = Release|Any CPU
		{E354D7B8-8B42-46AA-86EB-BB7EAB034075}.Debug|Any CPU.ActiveCfg = Debug|Any CPU
		{E354D7B8-8B42-46AA-86EB-BB7EAB034075}.Debug|Any CPU.Build.0 = Debug|Any CPU
		{E354D7B8-8B42-46AA-86EB-BB7EAB034075}.Release|Any CPU.ActiveCfg = Release|Any CPU
		{E354D7B8-8B42-46AA-86EB-BB7EAB034075}.Release|Any CPU.Build.0 = Release|Any CPU
		{F00C1264-7FDB-458E-9868-B85E6090E100}.Debug|Any CPU.ActiveCfg = Debug|Any CPU
		{F00C1264-7FDB-458E-9868-B85E6090E100}.Debug|Any CPU.Build.0 = Debug|Any CPU
		{F00C1264-7FDB-458E-9868-B85E6090E100}.Release|Any CPU.ActiveCfg = Release|Any CPU
		{F00C1264-7FDB-458E-9868-B85E6090E100}.Release|Any CPU.Build.0 = Release|Any CPU
		{524EF862-3021-4641-93DE-6C2E0D0323A6}.Debug|Any CPU.ActiveCfg = Debug|Any CPU
		{524EF862-3021-4641-93DE-6C2E0D0323A6}.Debug|Any CPU.Build.0 = Debug|Any CPU
		{524EF862-3021-4641-93DE-6C2E0D0323A6}.Release|Any CPU.ActiveCfg = Release|Any CPU
		{524EF862-3021-4641-93DE-6C2E0D0323A6}.Release|Any CPU.Build.0 = Release|Any CPU
		{F466F6A7-EA03-4E5F-BCF7-2D90F1B8497D}.Debug|Any CPU.ActiveCfg = Debug|Any CPU
		{F466F6A7-EA03-4E5F-BCF7-2D90F1B8497D}.Debug|Any CPU.Build.0 = Debug|Any CPU
		{F466F6A7-EA03-4E5F-BCF7-2D90F1B8497D}.Release|Any CPU.ActiveCfg = Release|Any CPU
		{F466F6A7-EA03-4E5F-BCF7-2D90F1B8497D}.Release|Any CPU.Build.0 = Release|Any CPU
		{C64D994A-D65B-4F9D-861D-0B14CD29C31C}.Debug|Any CPU.ActiveCfg = Debug|Any CPU
		{C64D994A-D65B-4F9D-861D-0B14CD29C31C}.Debug|Any CPU.Build.0 = Debug|Any CPU
		{C64D994A-D65B-4F9D-861D-0B14CD29C31C}.Release|Any CPU.ActiveCfg = Release|Any CPU
		{C64D994A-D65B-4F9D-861D-0B14CD29C31C}.Release|Any CPU.Build.0 = Release|Any CPU
		{0EF2FA91-32CD-4739-96F5-9DBAC906236D}.Debug|Any CPU.ActiveCfg = Debug|Any CPU
		{0EF2FA91-32CD-4739-96F5-9DBAC906236D}.Debug|Any CPU.Build.0 = Debug|Any CPU
		{0EF2FA91-32CD-4739-96F5-9DBAC906236D}.Release|Any CPU.ActiveCfg = Release|Any CPU
		{0EF2FA91-32CD-4739-96F5-9DBAC906236D}.Release|Any CPU.Build.0 = Release|Any CPU
		{EFDBB704-2690-4162-BBE1-3C17C8CC1E3F}.Debug|Any CPU.ActiveCfg = Debug|Any CPU
		{EFDBB704-2690-4162-BBE1-3C17C8CC1E3F}.Debug|Any CPU.Build.0 = Debug|Any CPU
		{EFDBB704-2690-4162-BBE1-3C17C8CC1E3F}.Release|Any CPU.ActiveCfg = Release|Any CPU
		{EFDBB704-2690-4162-BBE1-3C17C8CC1E3F}.Release|Any CPU.Build.0 = Release|Any CPU
		{B5775D13-4BCA-44EC-859D-60DD4D2D2923}.Debug|Any CPU.ActiveCfg = Debug|Any CPU
		{B5775D13-4BCA-44EC-859D-60DD4D2D2923}.Debug|Any CPU.Build.0 = Debug|Any CPU
		{B5775D13-4BCA-44EC-859D-60DD4D2D2923}.Release|Any CPU.ActiveCfg = Release|Any CPU
		{B5775D13-4BCA-44EC-859D-60DD4D2D2923}.Release|Any CPU.Build.0 = Release|Any CPU
		{C85449BB-12D8-41FB-96F2-39DAA4CD4CB4}.Debug|Any CPU.ActiveCfg = Debug|Any CPU
		{C85449BB-12D8-41FB-96F2-39DAA4CD4CB4}.Debug|Any CPU.Build.0 = Debug|Any CPU
		{C85449BB-12D8-41FB-96F2-39DAA4CD4CB4}.Release|Any CPU.ActiveCfg = Release|Any CPU
		{C85449BB-12D8-41FB-96F2-39DAA4CD4CB4}.Release|Any CPU.Build.0 = Release|Any CPU
		{A88A9615-5DE0-495D-A653-6DE392553BD7}.Debug|Any CPU.ActiveCfg = Debug|Any CPU
		{A88A9615-5DE0-495D-A653-6DE392553BD7}.Debug|Any CPU.Build.0 = Debug|Any CPU
		{A88A9615-5DE0-495D-A653-6DE392553BD7}.Release|Any CPU.ActiveCfg = Release|Any CPU
		{A88A9615-5DE0-495D-A653-6DE392553BD7}.Release|Any CPU.Build.0 = Release|Any CPU
	EndGlobalSection
	GlobalSection(SolutionProperties) = preSolution
		HideSolutionNode = FALSE
	EndGlobalSection
	GlobalSection(NestedProjects) = preSolution
		{C4693778-64E8-4016-BEB9-0CDBC43C0E19} = {7938DED0-9DFF-4674-8CE6-240A7429753A}
		{4564F5DD-D946-444A-8535-EBEE040BF0F0} = {7938DED0-9DFF-4674-8CE6-240A7429753A}
		{33B6D78B-4B3A-4CCB-A671-6A02FB02E58C} = {7938DED0-9DFF-4674-8CE6-240A7429753A}
		{CE79762C-B6C2-41A6-956D-AC5AC07A3F81} = {60BC67B2-C885-4F83-8194-D9EFDC6787D4}
		{13FA5B55-4FA4-4DBC-8370-AF21DC3B2575} = {CB54C624-645D-4CFB-A3DE-27F232430CFA}
		{E354D7B8-8B42-46AA-86EB-BB7EAB034075} = {CB54C624-645D-4CFB-A3DE-27F232430CFA}
		{F00C1264-7FDB-458E-9868-B85E6090E100} = {315D1853-E8C6-4EDE-9050-09FE6849CF02}
		{524EF862-3021-4641-93DE-6C2E0D0323A6} = {F60152A5-C8E4-4769-9432-0FA142B0B8FC}
		{F466F6A7-EA03-4E5F-BCF7-2D90F1B8497D} = {F60152A5-C8E4-4769-9432-0FA142B0B8FC}
		{C64D994A-D65B-4F9D-861D-0B14CD29C31C} = {F60152A5-C8E4-4769-9432-0FA142B0B8FC}
		{0EF2FA91-32CD-4739-96F5-9DBAC906236D} = {4564F5DD-D946-444A-8535-EBEE040BF0F0}
		{EFDBB704-2690-4162-BBE1-3C17C8CC1E3F} = {C4693778-64E8-4016-BEB9-0CDBC43C0E19}
		{B5775D13-4BCA-44EC-859D-60DD4D2D2923} = {F60152A5-C8E4-4769-9432-0FA142B0B8FC}
		{C85449BB-12D8-41FB-96F2-39DAA4CD4CB4} = {F60152A5-C8E4-4769-9432-0FA142B0B8FC}
	EndGlobalSection
	GlobalSection(ExtensibilityGlobals) = postSolution
		SolutionGuid = {0CE6862C-835A-4AFE-B76F-E49B82B81A1F}
	EndGlobalSection
EndGlobal
